{
  "name": "DogeTrader",
  "version": "1.0.0",
  "lockfileVersion": 1,
  "requires": true,
  "dependencies": {
    "crpyto": {
      "version": "0.0.1-security",
      "resolved": "https://registry.npmjs.org/crpyto/-/crpyto-0.0.1-security.tgz",
      "integrity": "sha512-zWk4mo/jJt3EVmso7CM065G6A3ejQF4xRWUsaUSXLfvhOEr4SnHYEDVpeHIG5yA6TP028mFgXTvOJFYW00tSJQ=="
    },
    "hat": {
      "version": "0.0.3",
      "resolved": "https://registry.npmjs.org/hat/-/hat-0.0.3.tgz",
      "integrity": "sha1-uwFKnmSzeIrtgAWRdBPU/z1QLYo="
    }
  }
}
